// !$*UTF8*$!
{
	archiveVersion = 1;
	classes = {
	};
	objectVersion = 50;
	objects = {

/* Begin PBXBuildFile section */
		B21375F124ED275600A14055 /* OpenGL.framework in Frameworks */ = {isa = PBXBuildFile; fileRef = B21375F024ED275600A14055 /* OpenGL.framework */; };
		B21375F324ED275B00A14055 /* IOKit.framework in Frameworks */ = {isa = PBXBuildFile; fileRef = B21375F224ED275B00A14055 /* IOKit.framework */; };
		B21375F524ED276400A14055 /* Cocoa.framework in Frameworks */ = {isa = PBXBuildFile; fileRef = B21375F424ED276400A14055 /* Cocoa.framework */; };
		B24FF87824ED197300884EDA /* EditorApp.cpp in Sources */ = {isa = PBXBuildFile; fileRef = B24FF87724ED197300884EDA /* EditorApp.cpp */; };
		B24FF89924ED1BF900884EDA /* libEngine.a in Frameworks */ = {isa = PBXBuildFile; fileRef = B24FF89824ED1BF900884EDA /* libEngine.a */; };
		B253892C251FBF8300E5FD98 /* SceneEditorLayer.cpp in Sources */ = {isa = PBXBuildFile; fileRef = B253892A251FBF8300E5FD98 /* SceneEditorLayer.cpp */; };
		B2D667EE2545F13C003AA6A7 /* MarioApp.cpp in Sources */ = {isa = PBXBuildFile; fileRef = B2D667E02545F13B003AA6A7 /* MarioApp.cpp */; };
		B2D667EF2545F13C003AA6A7 /* MarioCamera.cpp in Sources */ = {isa = PBXBuildFile; fileRef = B2D667E52545F13B003AA6A7 /* MarioCamera.cpp */; };
		B2D667F02545F13C003AA6A7 /* Player.cpp in Sources */ = {isa = PBXBuildFile; fileRef = B2D667E72545F13B003AA6A7 /* Player.cpp */; };
		B2D667F12545F13C003AA6A7 /* Background.cpp in Sources */ = {isa = PBXBuildFile; fileRef = B2D667E92545F13B003AA6A7 /* Background.cpp */; };
		B2D667F22545F13C003AA6A7 /* MarioLayer.cpp in Sources */ = {isa = PBXBuildFile; fileRef = B2D667EC2545F13B003AA6A7 /* MarioLayer.cpp */; };
		B2E735032520FE2500BD41D3 /* libassimp.5.0.0.dylib in Frameworks */ = {isa = PBXBuildFile; fileRef = B2E735022520FE2500BD41D3 /* libassimp.5.0.0.dylib */; };
/* End PBXBuildFile section */

/* Begin PBXCopyFilesBuildPhase section */
		B24FF87224ED197300884EDA /* CopyFiles */ = {
			isa = PBXCopyFilesBuildPhase;
			buildActionMask = 2147483647;
			dstPath = /usr/share/man/man1/;
			dstSubfolderSpec = 0;
			files = (
			);
			runOnlyForDeploymentPostprocessing = 1;
		};
/* End PBXCopyFilesBuildPhase section */

/* Begin PBXFileReference section */
		B21375F024ED275600A14055 /* OpenGL.framework */ = {isa = PBXFileReference; lastKnownFileType = wrapper.framework; name = OpenGL.framework; path = System/Library/Frameworks/OpenGL.framework; sourceTree = SDKROOT; };
		B21375F224ED275B00A14055 /* IOKit.framework */ = {isa = PBXFileReference; lastKnownFileType = wrapper.framework; name = IOKit.framework; path = System/Library/Frameworks/IOKit.framework; sourceTree = SDKROOT; };
		B21375F424ED276400A14055 /* Cocoa.framework */ = {isa = PBXFileReference; lastKnownFileType = wrapper.framework; name = Cocoa.framework; path = System/Library/Frameworks/Cocoa.framework; sourceTree = SDKROOT; };
		B24FF87424ED197300884EDA /* Editor */ = {isa = PBXFileReference; explicitFileType = "compiled.mach-o.executable"; includeInIndex = 0; path = Editor; sourceTree = BUILT_PRODUCTS_DIR; };
		B24FF87724ED197300884EDA /* EditorApp.cpp */ = {isa = PBXFileReference; lastKnownFileType = sourcecode.cpp.cpp; path = EditorApp.cpp; sourceTree = "<group>"; };
		B24FF89824ED1BF900884EDA /* libEngine.a */ = {isa = PBXFileReference; explicitFileType = archive.ar; path = libEngine.a; sourceTree = BUILT_PRODUCTS_DIR; };
		B253892A251FBF8300E5FD98 /* SceneEditorLayer.cpp */ = {isa = PBXFileReference; lastKnownFileType = sourcecode.cpp.cpp; path = SceneEditorLayer.cpp; sourceTree = "<group>"; };
		B253892B251FBF8300E5FD98 /* SceneEditorLayer.h */ = {isa = PBXFileReference; lastKnownFileType = sourcecode.c.h; path = SceneEditorLayer.h; sourceTree = "<group>"; };
		B2D667E02545F13B003AA6A7 /* MarioApp.cpp */ = {isa = PBXFileReference; fileEncoding = 4; lastKnownFileType = sourcecode.cpp.cpp; path = MarioApp.cpp; sourceTree = "<group>"; };
		B2D667E22545F13B003AA6A7 /* CameraController.h */ = {isa = PBXFileReference; fileEncoding = 4; lastKnownFileType = sourcecode.c.h; path = CameraController.h; sourceTree = "<group>"; };
		B2D667E32545F13B003AA6A7 /* PlayerMove.h */ = {isa = PBXFileReference; fileEncoding = 4; lastKnownFileType = sourcecode.c.h; path = PlayerMove.h; sourceTree = "<group>"; };
		B2D667E52545F13B003AA6A7 /* MarioCamera.cpp */ = {isa = PBXFileReference; fileEncoding = 4; lastKnownFileType = sourcecode.cpp.cpp; path = MarioCamera.cpp; sourceTree = "<group>"; };
		B2D667E62545F13B003AA6A7 /* Background.h */ = {isa = PBXFileReference; fileEncoding = 4; lastKnownFileType = sourcecode.c.h; path = Background.h; sourceTree = "<group>"; };
		B2D667E72545F13B003AA6A7 /* Player.cpp */ = {isa = PBXFileReference; fileEncoding = 4; lastKnownFileType = sourcecode.cpp.cpp; path = Player.cpp; sourceTree = "<group>"; };
		B2D667E82545F13B003AA6A7 /* Player.h */ = {isa = PBXFileReference; fileEncoding = 4; lastKnownFileType = sourcecode.c.h; path = Player.h; sourceTree = "<group>"; };
		B2D667E92545F13B003AA6A7 /* Background.cpp */ = {isa = PBXFileReference; fileEncoding = 4; lastKnownFileType = sourcecode.cpp.cpp; path = Background.cpp; sourceTree = "<group>"; };
		B2D667EA2545F13B003AA6A7 /* SceneMap.h */ = {isa = PBXFileReference; fileEncoding = 4; lastKnownFileType = sourcecode.c.h; path = SceneMap.h; sourceTree = "<group>"; };
		B2D667EB2545F13B003AA6A7 /* MarioCamera.h */ = {isa = PBXFileReference; fileEncoding = 4; lastKnownFileType = sourcecode.c.h; path = MarioCamera.h; sourceTree = "<group>"; };
		B2D667EC2545F13B003AA6A7 /* MarioLayer.cpp */ = {isa = PBXFileReference; fileEncoding = 4; lastKnownFileType = sourcecode.cpp.cpp; path = MarioLayer.cpp; sourceTree = "<group>"; };
		B2D667ED2545F13B003AA6A7 /* MarioLayer.h */ = {isa = PBXFileReference; fileEncoding = 4; lastKnownFileType = sourcecode.c.h; path = MarioLayer.h; sourceTree = "<group>"; };
		B2E735022520FE2500BD41D3 /* libassimp.5.0.0.dylib */ = {isa = PBXFileReference; lastKnownFileType = "compiled.mach-o.dylib"; name = libassimp.5.0.0.dylib; path = ../Engine/vendor/Assimp/lib/libassimp.5.0.0.dylib; sourceTree = "<group>"; };
/* End PBXFileReference section */

/* Begin PBXFrameworksBuildPhase section */
		B24FF87124ED197300884EDA /* Frameworks */ = {
			isa = PBXFrameworksBuildPhase;
			buildActionMask = 2147483647;
			files = (
				B2E735032520FE2500BD41D3 /* libassimp.5.0.0.dylib in Frameworks */,
				B21375F524ED276400A14055 /* Cocoa.framework in Frameworks */,
				B21375F324ED275B00A14055 /* IOKit.framework in Frameworks */,
				B21375F124ED275600A14055 /* OpenGL.framework in Frameworks */,
				B24FF89924ED1BF900884EDA /* libEngine.a in Frameworks */,
			);
			runOnlyForDeploymentPostprocessing = 0;
		};
/* End PBXFrameworksBuildPhase section */

/* Begin PBXGroup section */
		B24FF86B24ED197300884EDA = {
			isa = PBXGroup;
			children = (
				B2D667DF2545F13B003AA6A7 /* src */,
				B2993E0E25459C8800017D92 /* assets */,
				B24FF87624ED197300884EDA /* src */,
				B24FF87524ED197300884EDA /* Products */,
				B24FF89724ED1BF900884EDA /* Frameworks */,
			);
			sourceTree = "<group>";
		};
		B24FF87524ED197300884EDA /* Products */ = {
			isa = PBXGroup;
			children = (
				B24FF87424ED197300884EDA /* Editor */,
			);
			name = Products;
			sourceTree = "<group>";
		};
		B24FF87624ED197300884EDA /* src */ = {
			isa = PBXGroup;
			children = (
				B253892A251FBF8300E5FD98 /* SceneEditorLayer.cpp */,
				B253892B251FBF8300E5FD98 /* SceneEditorLayer.h */,
				B24FF87724ED197300884EDA /* EditorApp.cpp */,
			);
			path = src;
			sourceTree = "<group>";
		};
		B24FF89724ED1BF900884EDA /* Frameworks */ = {
			isa = PBXGroup;
			children = (
				B2E735022520FE2500BD41D3 /* libassimp.5.0.0.dylib */,
				B21375F424ED276400A14055 /* Cocoa.framework */,
				B21375F224ED275B00A14055 /* IOKit.framework */,
				B21375F024ED275600A14055 /* OpenGL.framework */,
				B24FF89824ED1BF900884EDA /* libEngine.a */,
			);
			name = Frameworks;
			sourceTree = "<group>";
		};
		B2993E0E25459C8800017D92 /* assets */ = {
			isa = PBXGroup;
			children = (
				B2993E0F25459C8800017D92 /* scene */,
			);
			path = assets;
			sourceTree = "<group>";
		};
		B2993E0F25459C8800017D92 /* scene */ = {
			isa = PBXGroup;
			children = (
			);
			path = scene;
			sourceTree = "<group>";
		};
		B2D667DF2545F13B003AA6A7 /* src */ = {
			isa = PBXGroup;
			children = (
				B2D667E42545F13B003AA6A7 /* Entity */,
				B2D667E12545F13B003AA6A7 /* NativeScripts */,
				B2D667E02545F13B003AA6A7 /* MarioApp.cpp */,
				B2D667EC2545F13B003AA6A7 /* MarioLayer.cpp */,
				B2D667ED2545F13B003AA6A7 /* MarioLayer.h */,
			);
			name = src;
			path = ../Mario/src;
			sourceTree = "<group>";
		};
		B2D667E12545F13B003AA6A7 /* NativeScripts */ = {
			isa = PBXGroup;
			children = (
				B2D667E22545F13B003AA6A7 /* CameraController.h */,
				B2D667E32545F13B003AA6A7 /* PlayerMove.h */,
			);
			path = NativeScripts;
			sourceTree = "<group>";
		};
		B2D667E42545F13B003AA6A7 /* Entity */ = {
			isa = PBXGroup;
			children = (
				B2D667E52545F13B003AA6A7 /* MarioCamera.cpp */,
				B2D667E62545F13B003AA6A7 /* Background.h */,
				B2D667E72545F13B003AA6A7 /* Player.cpp */,
				B2D667E82545F13B003AA6A7 /* Player.h */,
				B2D667E92545F13B003AA6A7 /* Background.cpp */,
				B2D667EA2545F13B003AA6A7 /* SceneMap.h */,
				B2D667EB2545F13B003AA6A7 /* MarioCamera.h */,
			);
			path = Entity;
			sourceTree = "<group>";
		};
/* End PBXGroup section */

/* Begin PBXNativeTarget section */
		B24FF87324ED197300884EDA /* Editor */ = {
			isa = PBXNativeTarget;
			buildConfigurationList = B24FF87B24ED197300884EDA /* Build configuration list for PBXNativeTarget "Editor" */;
			buildPhases = (
				B24FF87024ED197300884EDA /* Sources */,
				B24FF87124ED197300884EDA /* Frameworks */,
				B24FF87224ED197300884EDA /* CopyFiles */,
			);
			buildRules = (
			);
			dependencies = (
			);
			name = Editor;
			productName = Editor;
			productReference = B24FF87424ED197300884EDA /* Editor */;
			productType = "com.apple.product-type.tool";
		};
/* End PBXNativeTarget section */

/* Begin PBXProject section */
		B24FF86C24ED197300884EDA /* Project object */ = {
			isa = PBXProject;
			attributes = {
				DefaultBuildSystemTypeForWorkspace = Original;
				LastUpgradeCheck = 1170;
				ORGANIZATIONNAME = "Ashish .";
				TargetAttributes = {
					B24FF87324ED197300884EDA = {
						CreatedOnToolsVersion = 11.6;
					};
				};
			};
			buildConfigurationList = B24FF86F24ED197300884EDA /* Build configuration list for PBXProject "Editor" */;
			compatibilityVersion = "Xcode 9.3";
			developmentRegion = en;
			hasScannedForEncodings = 0;
			knownRegions = (
				en,
				Base,
			);
			mainGroup = B24FF86B24ED197300884EDA;
			productRefGroup = B24FF87524ED197300884EDA /* Products */;
			projectDirPath = "";
			projectRoot = "";
			targets = (
				B24FF87324ED197300884EDA /* Editor */,
			);
		};
/* End PBXProject section */

/* Begin PBXSourcesBuildPhase section */
		B24FF87024ED197300884EDA /* Sources */ = {
			isa = PBXSourcesBuildPhase;
			buildActionMask = 2147483647;
			files = (
				B2D667EE2545F13C003AA6A7 /* MarioApp.cpp in Sources */,
				B2D667EF2545F13C003AA6A7 /* MarioCamera.cpp in Sources */,
				B253892C251FBF8300E5FD98 /* SceneEditorLayer.cpp in Sources */,
				B2D667F22545F13C003AA6A7 /* MarioLayer.cpp in Sources */,
				B2D667F12545F13C003AA6A7 /* Background.cpp in Sources */,
				B24FF87824ED197300884EDA /* EditorApp.cpp in Sources */,
				B2D667F02545F13C003AA6A7 /* Player.cpp in Sources */,
			);
			runOnlyForDeploymentPostprocessing = 0;
		};
/* End PBXSourcesBuildPhase section */

/* Begin XCBuildConfiguration section */
		B24FF87924ED197300884EDA /* Debug */ = {
			isa = XCBuildConfiguration;
			buildSettings = {
				ALWAYS_SEARCH_USER_PATHS = NO;
				CLANG_ANALYZER_NONNULL = YES;
				CLANG_ANALYZER_NUMBER_OBJECT_CONVERSION = YES_AGGRESSIVE;
				CLANG_CXX_LANGUAGE_STANDARD = "gnu++14";
				CLANG_CXX_LIBRARY = "libc++";
				CLANG_ENABLE_MODULES = YES;
				CLANG_ENABLE_OBJC_ARC = YES;
				CLANG_ENABLE_OBJC_WEAK = YES;
				CLANG_WARN_BLOCK_CAPTURE_AUTORELEASING = YES;
				CLANG_WARN_BOOL_CONVERSION = YES;
				CLANG_WARN_COMMA = YES;
				CLANG_WARN_CONSTANT_CONVERSION = YES;
				CLANG_WARN_DEPRECATED_OBJC_IMPLEMENTATIONS = YES;
				CLANG_WARN_DIRECT_OBJC_ISA_USAGE = YES_ERROR;
				CLANG_WARN_DOCUMENTATION_COMMENTS = YES;
				CLANG_WARN_EMPTY_BODY = YES;
				CLANG_WARN_ENUM_CONVERSION = YES;
				CLANG_WARN_INFINITE_RECURSION = YES;
				CLANG_WARN_INT_CONVERSION = YES;
				CLANG_WARN_NON_LITERAL_NULL_CONVERSION = YES;
				CLANG_WARN_OBJC_IMPLICIT_RETAIN_SELF = YES;
				CLANG_WARN_OBJC_LITERAL_CONVERSION = YES;
				CLANG_WARN_OBJC_ROOT_CLASS = YES_ERROR;
				CLANG_WARN_RANGE_LOOP_ANALYSIS = YES;
				CLANG_WARN_STRICT_PROTOTYPES = YES;
				CLANG_WARN_SUSPICIOUS_MOVE = YES;
				CLANG_WARN_UNGUARDED_AVAILABILITY = YES_AGGRESSIVE;
				CLANG_WARN_UNREACHABLE_CODE = YES;
				CLANG_WARN__DUPLICATE_METHOD_MATCH = YES;
				COPY_PHASE_STRIP = NO;
				DEBUG_INFORMATION_FORMAT = dwarf;
				ENABLE_STRICT_OBJC_MSGSEND = YES;
				ENABLE_TESTABILITY = YES;
				GCC_C_LANGUAGE_STANDARD = gnu11;
				GCC_DYNAMIC_NO_PIC = NO;
				GCC_NO_COMMON_BLOCKS = YES;
				GCC_OPTIMIZATION_LEVEL = 0;
				GCC_PREPROCESSOR_DEFINITIONS = (
					"DEBUG=1",
					"$(inherited)",
				);
				GCC_WARN_64_TO_32_BIT_CONVERSION = YES;
				GCC_WARN_ABOUT_RETURN_TYPE = YES_ERROR;
				GCC_WARN_UNDECLARED_SELECTOR = YES;
				GCC_WARN_UNINITIALIZED_AUTOS = YES_AGGRESSIVE;
				GCC_WARN_UNUSED_FUNCTION = YES;
				GCC_WARN_UNUSED_VARIABLE = YES;
				MACOSX_DEPLOYMENT_TARGET = 10.15;
				MTL_ENABLE_DEBUG_INFO = INCLUDE_SOURCE;
				MTL_FAST_MATH = YES;
				ONLY_ACTIVE_ARCH = YES;
				SDKROOT = macosx;
			};
			name = Debug;
		};
		B24FF87A24ED197300884EDA /* Release */ = {
			isa = XCBuildConfiguration;
			buildSettings = {
				ALWAYS_SEARCH_USER_PATHS = NO;
				CLANG_ANALYZER_NONNULL = YES;
				CLANG_ANALYZER_NUMBER_OBJECT_CONVERSION = YES_AGGRESSIVE;
				CLANG_CXX_LANGUAGE_STANDARD = "gnu++14";
				CLANG_CXX_LIBRARY = "libc++";
				CLANG_ENABLE_MODULES = YES;
				CLANG_ENABLE_OBJC_ARC = YES;
				CLANG_ENABLE_OBJC_WEAK = YES;
				CLANG_WARN_BLOCK_CAPTURE_AUTORELEASING = YES;
				CLANG_WARN_BOOL_CONVERSION = YES;
				CLANG_WARN_COMMA = YES;
				CLANG_WARN_CONSTANT_CONVERSION = YES;
				CLANG_WARN_DEPRECATED_OBJC_IMPLEMENTATIONS = YES;
				CLANG_WARN_DIRECT_OBJC_ISA_USAGE = YES_ERROR;
				CLANG_WARN_DOCUMENTATION_COMMENTS = YES;
				CLANG_WARN_EMPTY_BODY = YES;
				CLANG_WARN_ENUM_CONVERSION = YES;
				CLANG_WARN_INFINITE_RECURSION = YES;
				CLANG_WARN_INT_CONVERSION = YES;
				CLANG_WARN_NON_LITERAL_NULL_CONVERSION = YES;
				CLANG_WARN_OBJC_IMPLICIT_RETAIN_SELF = YES;
				CLANG_WARN_OBJC_LITERAL_CONVERSION = YES;
				CLANG_WARN_OBJC_ROOT_CLASS = YES_ERROR;
				CLANG_WARN_RANGE_LOOP_ANALYSIS = YES;
				CLANG_WARN_STRICT_PROTOTYPES = YES;
				CLANG_WARN_SUSPICIOUS_MOVE = YES;
				CLANG_WARN_UNGUARDED_AVAILABILITY = YES_AGGRESSIVE;
				CLANG_WARN_UNREACHABLE_CODE = YES;
				CLANG_WARN__DUPLICATE_METHOD_MATCH = YES;
				COPY_PHASE_STRIP = NO;
				DEBUG_INFORMATION_FORMAT = "dwarf-with-dsym";
				ENABLE_NS_ASSERTIONS = NO;
				ENABLE_STRICT_OBJC_MSGSEND = YES;
				GCC_C_LANGUAGE_STANDARD = gnu11;
				GCC_NO_COMMON_BLOCKS = YES;
				GCC_WARN_64_TO_32_BIT_CONVERSION = YES;
				GCC_WARN_ABOUT_RETURN_TYPE = YES_ERROR;
				GCC_WARN_UNDECLARED_SELECTOR = YES;
				GCC_WARN_UNINITIALIZED_AUTOS = YES_AGGRESSIVE;
				GCC_WARN_UNUSED_FUNCTION = YES;
				GCC_WARN_UNUSED_VARIABLE = YES;
				MACOSX_DEPLOYMENT_TARGET = 10.15;
				MTL_ENABLE_DEBUG_INFO = NO;
				MTL_FAST_MATH = YES;
				SDKROOT = macosx;
			};
			name = Release;
		};
		B24FF87C24ED197300884EDA /* Debug */ = {
			isa = XCBuildConfiguration;
			buildSettings = {
				CLANG_CXX_LANGUAGE_STANDARD = "c++17";
				CODE_SIGN_IDENTITY = "-";
				CODE_SIGN_STYLE = Automatic;
				GCC_PRECOMPILE_PREFIX_HEADER = YES;
				GCC_PREFIX_HEADER = "${PROJECT_DIR}/../Engine/src/PrefixHeader.pch";
				GCC_PREPROCESSOR_DEFINITIONS = (
					"DEBUG=1",
					"$(inherited)",
					IK_ENABLE_LOG,
					IK_ENABLE_ASSERT,
				);
				HEADER_SEARCH_PATHS = (
					"${PROJECT_DIR}/../Engine/src",
					"${PROJECT_DIR}/../Engine/vendor/spdlog/include",
					"${PROJECT_DIR}/../Engine/vendor/glm",
					"${PROJECT_DIR}/../Engine/vendor/Imgui/Imgui",
					"${PROJECT_DIR}/../Engine/vendor/EnTT/include",
					"${PROJECT_DIR}/../Engine/vendor/Assimp/include",
				);
				LIBRARY_SEARCH_PATHS = "${PROJECT_DIR}/../Engine/vendor/Assimp/lib";
				PRODUCT_NAME = "$(TARGET_NAME)";
			};
			name = Debug;
		};
		B24FF87D24ED197300884EDA /* Release */ = {
			isa = XCBuildConfiguration;
			buildSettings = {
				CLANG_CXX_LANGUAGE_STANDARD = "c++17";
				CODE_SIGN_IDENTITY = "-";
				CODE_SIGN_STYLE = Automatic;
				GCC_PRECOMPILE_PREFIX_HEADER = YES;
				GCC_PREFIX_HEADER = "${PROJECT_DIR}/../Engine/src/PrefixHeader.pch";
				GCC_PREPROCESSOR_DEFINITIONS = (
					IK_ENABLE_LOG,
					IK_ENABLE_ASSERT,
				);
				HEADER_SEARCH_PATHS = (
					"${PROJECT_DIR}/../Engine/src",
					"${PROJECT_DIR}/../Engine/vendor/spdlog/include",
					"${PROJECT_DIR}/../Engine/vendor/glm",
					"${PROJECT_DIR}/../Engine/vendor/Imgui/Imgui",
					"${PROJECT_DIR}/../Engine/vendor/EnTT/include",
					"${PROJECT_DIR}/../Engine/vendor/Assimp/include",
				);
				LIBRARY_SEARCH_PATHS = "${PROJECT_DIR}/../Engine/vendor/Assimp/lib";
				PRODUCT_NAME = "$(TARGET_NAME)";
			};
			name = Release;
		};
/* End XCBuildConfiguration section */

/* Begin XCConfigurationList section */
		B24FF86F24ED197300884EDA /* Build configuration list for PBXProject "Editor" */ = {
			isa = XCConfigurationList;
			buildConfigurations = (
				B24FF87924ED197300884EDA /* Debug */,
				B24FF87A24ED197300884EDA /* Release */,
			);
			defaultConfigurationIsVisible = 0;
			defaultConfigurationName = Release;
		};
		B24FF87B24ED197300884EDA /* Build configuration list for PBXNativeTarget "Editor" */ = {
			isa = XCConfigurationList;
			buildConfigurations = (
				B24FF87C24ED197300884EDA /* Debug */,
				B24FF87D24ED197300884EDA /* Release */,
			);
			defaultConfigurationIsVisible = 0;
			defaultConfigurationName = Release;
		};
/* End XCConfigurationList section */
	};
	rootObject = B24FF86C24ED197300884EDA /* Project object */;
}
