// !$*UTF8*$!
{
	archiveVersion = 1;
	classes = {
	};
	objectVersion = 50;
	objects = {

/* Begin PBXBuildFile section */
		B21375EF24ED274A00A14055 /* libglfw3.a in Frameworks */ = {isa = PBXBuildFile; fileRef = B21375EE24ED274A00A14055 /* libglfw3.a */; };
		B213761824ED29DF00A14055 /* Core.h in Headers */ = {isa = PBXBuildFile; fileRef = B213761724ED29DF00A14055 /* Core.h */; };
		B213761A24ED2AA700A14055 /* iKan.h in Headers */ = {isa = PBXBuildFile; fileRef = B213761924ED2AA700A14055 /* iKan.h */; };
		B213761B24ED35AC00A14055 /* libGlad.a in Frameworks */ = {isa = PBXBuildFile; fileRef = B213760B24ED286700A14055 /* libGlad.a */; };
		B213795324ED4E6400A14055 /* stb_image.h in Headers */ = {isa = PBXBuildFile; fileRef = B21376CE24ED4E6100A14055 /* stb_image.h */; };
		B213795424ED4E6400A14055 /* stb_image.cpp in Sources */ = {isa = PBXBuildFile; fileRef = B21376CF24ED4E6100A14055 /* stb_image.cpp */; };
		B2137A5724ED78FA00A14055 /* ImGuiBuild.cpp in Sources */ = {isa = PBXBuildFile; fileRef = B2137A5424ED78FA00A14055 /* ImGuiBuild.cpp */; };
		B2137A5824ED7A8700A14055 /* libImgui.a in Frameworks */ = {isa = PBXBuildFile; fileRef = B2137A5024ED784E00A14055 /* libImgui.a */; };
		B21F821D24F6D1D20040B427 /* Window.cpp in Sources */ = {isa = PBXBuildFile; fileRef = B21F821B24F6D1D20040B427 /* Window.cpp */; };
		B21F821E24F6D1D20040B427 /* Window.h in Headers */ = {isa = PBXBuildFile; fileRef = B21F821C24F6D1D20040B427 /* Window.h */; };
		B22A8A532517B81600D2B9C8 /* Ref.h in Headers */ = {isa = PBXBuildFile; fileRef = B22A8A522517B81600D2B9C8 /* Ref.h */; };
		B22A8A562517C8A600D2B9C8 /* Renderer.cpp in Sources */ = {isa = PBXBuildFile; fileRef = B22A8A542517C8A600D2B9C8 /* Renderer.cpp */; };
		B22A8A572517C8A600D2B9C8 /* Renderer.h in Headers */ = {isa = PBXBuildFile; fileRef = B22A8A552517C8A600D2B9C8 /* Renderer.h */; };
		B23D4E7B24F829880049238A /* Events.h in Headers */ = {isa = PBXBuildFile; fileRef = B23D4E7A24F829880049238A /* Events.h */; };
		B23D4E7D24F82F9D0049238A /* ApplicationEvents.h in Headers */ = {isa = PBXBuildFile; fileRef = B23D4E7C24F82F9D0049238A /* ApplicationEvents.h */; };
		B2473FD124FD1DB40099535D /* VertexArray.cpp in Sources */ = {isa = PBXBuildFile; fileRef = B2473FCF24FD1DB40099535D /* VertexArray.cpp */; };
		B2473FD224FD1DB40099535D /* VertexArray.h in Headers */ = {isa = PBXBuildFile; fileRef = B2473FD024FD1DB40099535D /* VertexArray.h */; };
		B2473FD724FD1E350099535D /* OpenGlVertexArray.cpp in Sources */ = {isa = PBXBuildFile; fileRef = B2473FD524FD1E350099535D /* OpenGlVertexArray.cpp */; };
		B2473FD824FD1E350099535D /* OpenGlVertexArray.h in Headers */ = {isa = PBXBuildFile; fileRef = B2473FD624FD1E350099535D /* OpenGlVertexArray.h */; };
		B2473FDB24FD22380099535D /* Buffers.cpp in Sources */ = {isa = PBXBuildFile; fileRef = B2473FD924FD22380099535D /* Buffers.cpp */; };
		B2473FDC24FD22380099535D /* Buffers.h in Headers */ = {isa = PBXBuildFile; fileRef = B2473FDA24FD22380099535D /* Buffers.h */; };
		B2473FDF24FD232E0099535D /* OpenGlBuffers.cpp in Sources */ = {isa = PBXBuildFile; fileRef = B2473FDD24FD232E0099535D /* OpenGlBuffers.cpp */; };
		B2473FE024FD232E0099535D /* OpenGlBuffers.h in Headers */ = {isa = PBXBuildFile; fileRef = B2473FDE24FD232E0099535D /* OpenGlBuffers.h */; };
		B24FF89324ED1AAB00884EDA /* Log.cpp in Sources */ = {isa = PBXBuildFile; fileRef = B24FF89124ED1AAB00884EDA /* Log.cpp */; };
		B24FF89424ED1AAB00884EDA /* Log.h in Headers */ = {isa = PBXBuildFile; fileRef = B24FF89224ED1AAB00884EDA /* Log.h */; };
		B24FF89624ED1AEC00884EDA /* PrefixHeader.pch in Headers */ = {isa = PBXBuildFile; fileRef = B24FF89524ED1AEC00884EDA /* PrefixHeader.pch */; };
		B266521424FEBA1A0032AF99 /* Shader.cpp in Sources */ = {isa = PBXBuildFile; fileRef = B266521224FEBA1A0032AF99 /* Shader.cpp */; };
		B266521524FEBA1A0032AF99 /* Shader.h in Headers */ = {isa = PBXBuildFile; fileRef = B266521324FEBA1A0032AF99 /* Shader.h */; };
		B266521A24FEBB000032AF99 /* OpenGlShader.cpp in Sources */ = {isa = PBXBuildFile; fileRef = B266521824FEBB000032AF99 /* OpenGlShader.cpp */; };
		B266521B24FEBB000032AF99 /* OpenGlShader.h in Headers */ = {isa = PBXBuildFile; fileRef = B266521924FEBB000032AF99 /* OpenGlShader.h */; };
		B266521E24FECADF0032AF99 /* Texture.cpp in Sources */ = {isa = PBXBuildFile; fileRef = B266521C24FECADF0032AF99 /* Texture.cpp */; };
		B266521F24FECADF0032AF99 /* Texture.h in Headers */ = {isa = PBXBuildFile; fileRef = B266521D24FECADF0032AF99 /* Texture.h */; };
		B266522224FECB2F0032AF99 /* OpenGlTexture.cpp in Sources */ = {isa = PBXBuildFile; fileRef = B266522024FECB2F0032AF99 /* OpenGlTexture.cpp */; };
		B266522324FECB2F0032AF99 /* OpenGlTexture.h in Headers */ = {isa = PBXBuildFile; fileRef = B266522124FECB2F0032AF99 /* OpenGlTexture.h */; };
		B26D9D07250009A3003291C4 /* Renderer2D.cpp in Sources */ = {isa = PBXBuildFile; fileRef = B26D9D05250009A3003291C4 /* Renderer2D.cpp */; };
		B26D9D08250009A3003291C4 /* Renderer2D.h in Headers */ = {isa = PBXBuildFile; fileRef = B26D9D06250009A3003291C4 /* Renderer2D.h */; };
		B26D9D10250022CF003291C4 /* FrameBuffer.h in Headers */ = {isa = PBXBuildFile; fileRef = B26D9D0E250022CF003291C4 /* FrameBuffer.h */; };
		B26D9D11250022CF003291C4 /* FrameBuffer.cpp in Sources */ = {isa = PBXBuildFile; fileRef = B26D9D0F250022CF003291C4 /* FrameBuffer.cpp */; };
		B26D9D14250022F5003291C4 /* OpenGLFrameBuffer.cpp in Sources */ = {isa = PBXBuildFile; fileRef = B26D9D12250022F5003291C4 /* OpenGLFrameBuffer.cpp */; };
		B26D9D15250022F5003291C4 /* OpenGLFrameBuffer.h in Headers */ = {isa = PBXBuildFile; fileRef = B26D9D13250022F5003291C4 /* OpenGLFrameBuffer.h */; };
		B2752D0824FA7E5C005EF655 /* KeyEvents.h in Headers */ = {isa = PBXBuildFile; fileRef = B2752D0724FA7E5C005EF655 /* KeyEvents.h */; };
		B2752D0C24FAB248005EF655 /* MouseEvents.h in Headers */ = {isa = PBXBuildFile; fileRef = B2752D0B24FAB248005EF655 /* MouseEvents.h */; };
		B2752D0E24FABB8D005EF655 /* KeyCode.h in Headers */ = {isa = PBXBuildFile; fileRef = B2752D0D24FABB8D005EF655 /* KeyCode.h */; };
		B2752D1024FABBA1005EF655 /* MouseCode.h in Headers */ = {isa = PBXBuildFile; fileRef = B2752D0F24FABBA1005EF655 /* MouseCode.h */; };
		B2752D1324FABDF3005EF655 /* Input.cpp in Sources */ = {isa = PBXBuildFile; fileRef = B2752D1124FABDF3005EF655 /* Input.cpp */; };
		B2752D1424FABDF3005EF655 /* Input.h in Headers */ = {isa = PBXBuildFile; fileRef = B2752D1224FABDF3005EF655 /* Input.h */; };
		B2752D1624FAC1AF005EF655 /* EntryPoint.h in Headers */ = {isa = PBXBuildFile; fileRef = B2752D1524FAC1AF005EF655 /* EntryPoint.h */; };
		B2752D1924FAC201005EF655 /* Application.cpp in Sources */ = {isa = PBXBuildFile; fileRef = B2752D1724FAC201005EF655 /* Application.cpp */; };
		B2752D1A24FAC201005EF655 /* Application.h in Headers */ = {isa = PBXBuildFile; fileRef = B2752D1824FAC201005EF655 /* Application.h */; };
		B2752D1D24FACD64005EF655 /* RenderCommand.cpp in Sources */ = {isa = PBXBuildFile; fileRef = B2752D1B24FACD64005EF655 /* RenderCommand.cpp */; };
		B2752D1E24FACD64005EF655 /* RenderCommand.h in Headers */ = {isa = PBXBuildFile; fileRef = B2752D1C24FACD64005EF655 /* RenderCommand.h */; };
		B28083FE25052642003D0684 /* ImGuiAPI.cpp in Sources */ = {isa = PBXBuildFile; fileRef = B28083FC25052642003D0684 /* ImGuiAPI.cpp */; };
		B28083FF25052642003D0684 /* ImGuiAPI.h in Headers */ = {isa = PBXBuildFile; fileRef = B28083FD25052642003D0684 /* ImGuiAPI.h */; };
		B2CDABD42500E885008C6BDF /* entt.hpp in Headers */ = {isa = PBXBuildFile; fileRef = B2CDABD12500E885008C6BDF /* entt.hpp */; };
		B2CDABDB2500EF2C008C6BDF /* Components.h in Headers */ = {isa = PBXBuildFile; fileRef = B2CDABD62500EF2C008C6BDF /* Components.h */; };
		B2CDABDC2500EF2C008C6BDF /* Scene.cpp in Sources */ = {isa = PBXBuildFile; fileRef = B2CDABD72500EF2C008C6BDF /* Scene.cpp */; };
		B2CDABDE2500EF2C008C6BDF /* Scene.h in Headers */ = {isa = PBXBuildFile; fileRef = B2CDABD92500EF2C008C6BDF /* Scene.h */; };
		B2CDABDF2500EF2C008C6BDF /* Entity.h in Headers */ = {isa = PBXBuildFile; fileRef = B2CDABDA2500EF2C008C6BDF /* Entity.h */; };
		B2CDABE22501009D008C6BDF /* Camera.h in Headers */ = {isa = PBXBuildFile; fileRef = B2CDABE12501009D008C6BDF /* Camera.h */; };
		B2CDABE525010F9A008C6BDF /* SceneCamera.cpp in Sources */ = {isa = PBXBuildFile; fileRef = B2CDABE325010F9A008C6BDF /* SceneCamera.cpp */; };
		B2CDABE625010F9A008C6BDF /* SceneCamera.h in Headers */ = {isa = PBXBuildFile; fileRef = B2CDABE425010F9A008C6BDF /* SceneCamera.h */; };
		B2CDABEA25012438008C6BDF /* ScriptableEntity.h in Headers */ = {isa = PBXBuildFile; fileRef = B2CDABE825012438008C6BDF /* ScriptableEntity.h */; };
		B2F0FBFF24F80DF90004443A /* OpenGlGraphicsContext.cpp in Sources */ = {isa = PBXBuildFile; fileRef = B2F0FBFD24F80DF90004443A /* OpenGlGraphicsContext.cpp */; };
		B2F0FC0024F80DF90004443A /* OpenGlGraphicsContext.h in Headers */ = {isa = PBXBuildFile; fileRef = B2F0FBFE24F80DF90004443A /* OpenGlGraphicsContext.h */; };
		B2F0FC0424F80E960004443A /* GraphicsContext.cpp in Sources */ = {isa = PBXBuildFile; fileRef = B2F0FC0224F80E960004443A /* GraphicsContext.cpp */; };
		B2F0FC0524F80E960004443A /* GraphicsContext.h in Headers */ = {isa = PBXBuildFile; fileRef = B2F0FC0324F80E960004443A /* GraphicsContext.h */; };
		B2F0FC0924F816F70004443A /* RenderAPI.cpp in Sources */ = {isa = PBXBuildFile; fileRef = B2F0FC0724F816F70004443A /* RenderAPI.cpp */; };
		B2F0FC0A24F816F70004443A /* RenderAPI.h in Headers */ = {isa = PBXBuildFile; fileRef = B2F0FC0824F816F70004443A /* RenderAPI.h */; };
		B2FEC91B24FB9AA500388451 /* OpenGlRenderAPI.cpp in Sources */ = {isa = PBXBuildFile; fileRef = B2FEC91924FB9AA500388451 /* OpenGlRenderAPI.cpp */; };
		B2FEC91C24FB9AA500388451 /* OpenGlRenderAPI.h in Headers */ = {isa = PBXBuildFile; fileRef = B2FEC91A24FB9AA500388451 /* OpenGlRenderAPI.h */; };
		B2FEC92224FBB3DF00388451 /* Layer.h in Headers */ = {isa = PBXBuildFile; fileRef = B2FEC92024FBB3DF00388451 /* Layer.h */; };
		B2FEC92524FBB5F800388451 /* LayerStack.cpp in Sources */ = {isa = PBXBuildFile; fileRef = B2FEC92324FBB5F700388451 /* LayerStack.cpp */; };
		B2FEC92624FBB5F800388451 /* LayerStack.h in Headers */ = {isa = PBXBuildFile; fileRef = B2FEC92424FBB5F800388451 /* LayerStack.h */; };
		B2FEC92924FC0A1900388451 /* ImguiLayer.cpp in Sources */ = {isa = PBXBuildFile; fileRef = B2FEC92724FC0A1900388451 /* ImguiLayer.cpp */; };
		B2FEC92A24FC0A1900388451 /* ImguiLayer.h in Headers */ = {isa = PBXBuildFile; fileRef = B2FEC92824FC0A1900388451 /* ImguiLayer.h */; };
		B2FEC92F24FC207800388451 /* TimeStep.h in Headers */ = {isa = PBXBuildFile; fileRef = B2FEC92E24FC207800388451 /* TimeStep.h */; };
/* End PBXBuildFile section */

/* Begin PBXContainerItemProxy section */
		B213760A24ED286700A14055 /* PBXContainerItemProxy */ = {
			isa = PBXContainerItemProxy;
			containerPortal = B213760624ED286700A14055 /* Glad.xcodeproj */;
			proxyType = 2;
			remoteGlobalIDString = B21375FF24ED286700A14055;
			remoteInfo = Glad;
		};
		B2137A4F24ED784E00A14055 /* PBXContainerItemProxy */ = {
			isa = PBXContainerItemProxy;
			containerPortal = B2137A4B24ED784D00A14055 /* Imgui.xcodeproj */;
			proxyType = 2;
			remoteGlobalIDString = B2137A4424ED784D00A14055;
			remoteInfo = Imgui;
		};
/* End PBXContainerItemProxy section */

/* Begin PBXFileReference section */
		B21375EE24ED274A00A14055 /* libglfw3.a */ = {isa = PBXFileReference; lastKnownFileType = archive.ar; name = libglfw3.a; path = vendor/GLFW/lib/libglfw3.a; sourceTree = "<group>"; };
		B213760624ED286700A14055 /* Glad.xcodeproj */ = {isa = PBXFileReference; lastKnownFileType = "wrapper.pb-project"; name = Glad.xcodeproj; path = vendor/Glad/Glad.xcodeproj; sourceTree = "<group>"; };
		B213761724ED29DF00A14055 /* Core.h */ = {isa = PBXFileReference; lastKnownFileType = sourcecode.c.h; path = Core.h; sourceTree = "<group>"; };
		B213761924ED2AA700A14055 /* iKan.h */ = {isa = PBXFileReference; lastKnownFileType = sourcecode.c.h; path = iKan.h; sourceTree = "<group>"; };
		B21376CE24ED4E6100A14055 /* stb_image.h */ = {isa = PBXFileReference; fileEncoding = 4; lastKnownFileType = sourcecode.c.h; path = stb_image.h; sourceTree = "<group>"; };
		B21376CF24ED4E6100A14055 /* stb_image.cpp */ = {isa = PBXFileReference; fileEncoding = 4; lastKnownFileType = sourcecode.cpp.cpp; path = stb_image.cpp; sourceTree = "<group>"; };
		B2137A4B24ED784D00A14055 /* Imgui.xcodeproj */ = {isa = PBXFileReference; lastKnownFileType = "wrapper.pb-project"; name = Imgui.xcodeproj; path = vendor/Imgui/Imgui.xcodeproj; sourceTree = "<group>"; };
		B2137A5424ED78FA00A14055 /* ImGuiBuild.cpp */ = {isa = PBXFileReference; fileEncoding = 4; lastKnownFileType = sourcecode.cpp.cpp; path = ImGuiBuild.cpp; sourceTree = "<group>"; };
		B21F821B24F6D1D20040B427 /* Window.cpp */ = {isa = PBXFileReference; lastKnownFileType = sourcecode.cpp.cpp; path = Window.cpp; sourceTree = "<group>"; };
		B21F821C24F6D1D20040B427 /* Window.h */ = {isa = PBXFileReference; lastKnownFileType = sourcecode.c.h; path = Window.h; sourceTree = "<group>"; };
		B22A8A522517B81600D2B9C8 /* Ref.h */ = {isa = PBXFileReference; lastKnownFileType = sourcecode.c.h; path = Ref.h; sourceTree = "<group>"; };
		B22A8A542517C8A600D2B9C8 /* Renderer.cpp */ = {isa = PBXFileReference; lastKnownFileType = sourcecode.cpp.cpp; path = Renderer.cpp; sourceTree = "<group>"; };
		B22A8A552517C8A600D2B9C8 /* Renderer.h */ = {isa = PBXFileReference; lastKnownFileType = sourcecode.c.h; path = Renderer.h; sourceTree = "<group>"; };
		B23D4E7A24F829880049238A /* Events.h */ = {isa = PBXFileReference; lastKnownFileType = sourcecode.c.h; path = Events.h; sourceTree = "<group>"; };
		B23D4E7C24F82F9D0049238A /* ApplicationEvents.h */ = {isa = PBXFileReference; lastKnownFileType = sourcecode.c.h; path = ApplicationEvents.h; sourceTree = "<group>"; };
		B2473FCF24FD1DB40099535D /* VertexArray.cpp */ = {isa = PBXFileReference; lastKnownFileType = sourcecode.cpp.cpp; path = VertexArray.cpp; sourceTree = "<group>"; };
		B2473FD024FD1DB40099535D /* VertexArray.h */ = {isa = PBXFileReference; lastKnownFileType = sourcecode.c.h; path = VertexArray.h; sourceTree = "<group>"; };
		B2473FD524FD1E350099535D /* OpenGlVertexArray.cpp */ = {isa = PBXFileReference; lastKnownFileType = sourcecode.cpp.cpp; path = OpenGlVertexArray.cpp; sourceTree = "<group>"; };
		B2473FD624FD1E350099535D /* OpenGlVertexArray.h */ = {isa = PBXFileReference; lastKnownFileType = sourcecode.c.h; path = OpenGlVertexArray.h; sourceTree = "<group>"; };
		B2473FD924FD22380099535D /* Buffers.cpp */ = {isa = PBXFileReference; lastKnownFileType = sourcecode.cpp.cpp; path = Buffers.cpp; sourceTree = "<group>"; };
		B2473FDA24FD22380099535D /* Buffers.h */ = {isa = PBXFileReference; lastKnownFileType = sourcecode.c.h; path = Buffers.h; sourceTree = "<group>"; };
		B2473FDD24FD232E0099535D /* OpenGlBuffers.cpp */ = {isa = PBXFileReference; lastKnownFileType = sourcecode.cpp.cpp; path = OpenGlBuffers.cpp; sourceTree = "<group>"; };
		B2473FDE24FD232E0099535D /* OpenGlBuffers.h */ = {isa = PBXFileReference; lastKnownFileType = sourcecode.c.h; path = OpenGlBuffers.h; sourceTree = "<group>"; };
		B24FF88724ED1A3C00884EDA /* libEngine.a */ = {isa = PBXFileReference; explicitFileType = archive.ar; includeInIndex = 0; path = libEngine.a; sourceTree = BUILT_PRODUCTS_DIR; };
		B24FF89124ED1AAB00884EDA /* Log.cpp */ = {isa = PBXFileReference; lastKnownFileType = sourcecode.cpp.cpp; path = Log.cpp; sourceTree = "<group>"; };
		B24FF89224ED1AAB00884EDA /* Log.h */ = {isa = PBXFileReference; lastKnownFileType = sourcecode.c.h; path = Log.h; sourceTree = "<group>"; };
		B24FF89524ED1AEC00884EDA /* PrefixHeader.pch */ = {isa = PBXFileReference; lastKnownFileType = sourcecode.c.h; path = PrefixHeader.pch; sourceTree = "<group>"; };
		B266521224FEBA1A0032AF99 /* Shader.cpp */ = {isa = PBXFileReference; lastKnownFileType = sourcecode.cpp.cpp; path = Shader.cpp; sourceTree = "<group>"; };
		B266521324FEBA1A0032AF99 /* Shader.h */ = {isa = PBXFileReference; lastKnownFileType = sourcecode.c.h; path = Shader.h; sourceTree = "<group>"; };
		B266521824FEBB000032AF99 /* OpenGlShader.cpp */ = {isa = PBXFileReference; lastKnownFileType = sourcecode.cpp.cpp; path = OpenGlShader.cpp; sourceTree = "<group>"; };
		B266521924FEBB000032AF99 /* OpenGlShader.h */ = {isa = PBXFileReference; lastKnownFileType = sourcecode.c.h; path = OpenGlShader.h; sourceTree = "<group>"; };
		B266521C24FECADF0032AF99 /* Texture.cpp */ = {isa = PBXFileReference; lastKnownFileType = sourcecode.cpp.cpp; path = Texture.cpp; sourceTree = "<group>"; };
		B266521D24FECADF0032AF99 /* Texture.h */ = {isa = PBXFileReference; lastKnownFileType = sourcecode.c.h; path = Texture.h; sourceTree = "<group>"; };
		B266522024FECB2F0032AF99 /* OpenGlTexture.cpp */ = {isa = PBXFileReference; lastKnownFileType = sourcecode.cpp.cpp; path = OpenGlTexture.cpp; sourceTree = "<group>"; };
		B266522124FECB2F0032AF99 /* OpenGlTexture.h */ = {isa = PBXFileReference; lastKnownFileType = sourcecode.c.h; path = OpenGlTexture.h; sourceTree = "<group>"; };
		B26D9D05250009A3003291C4 /* Renderer2D.cpp */ = {isa = PBXFileReference; lastKnownFileType = sourcecode.cpp.cpp; path = Renderer2D.cpp; sourceTree = "<group>"; };
		B26D9D06250009A3003291C4 /* Renderer2D.h */ = {isa = PBXFileReference; lastKnownFileType = sourcecode.c.h; path = Renderer2D.h; sourceTree = "<group>"; };
		B26D9D0E250022CF003291C4 /* FrameBuffer.h */ = {isa = PBXFileReference; fileEncoding = 4; lastKnownFileType = sourcecode.c.h; path = FrameBuffer.h; sourceTree = "<group>"; };
		B26D9D0F250022CF003291C4 /* FrameBuffer.cpp */ = {isa = PBXFileReference; fileEncoding = 4; lastKnownFileType = sourcecode.cpp.cpp; path = FrameBuffer.cpp; sourceTree = "<group>"; };
		B26D9D12250022F5003291C4 /* OpenGLFrameBuffer.cpp */ = {isa = PBXFileReference; fileEncoding = 4; lastKnownFileType = sourcecode.cpp.cpp; path = OpenGLFrameBuffer.cpp; sourceTree = "<group>"; };
		B26D9D13250022F5003291C4 /* OpenGLFrameBuffer.h */ = {isa = PBXFileReference; fileEncoding = 4; lastKnownFileType = sourcecode.c.h; path = OpenGLFrameBuffer.h; sourceTree = "<group>"; };
		B2752D0724FA7E5C005EF655 /* KeyEvents.h */ = {isa = PBXFileReference; lastKnownFileType = sourcecode.c.h; path = KeyEvents.h; sourceTree = "<group>"; };
		B2752D0B24FAB248005EF655 /* MouseEvents.h */ = {isa = PBXFileReference; lastKnownFileType = sourcecode.c.h; path = MouseEvents.h; sourceTree = "<group>"; };
		B2752D0D24FABB8D005EF655 /* KeyCode.h */ = {isa = PBXFileReference; lastKnownFileType = sourcecode.c.h; path = KeyCode.h; sourceTree = "<group>"; };
		B2752D0F24FABBA1005EF655 /* MouseCode.h */ = {isa = PBXFileReference; lastKnownFileType = sourcecode.c.h; path = MouseCode.h; sourceTree = "<group>"; };
		B2752D1124FABDF3005EF655 /* Input.cpp */ = {isa = PBXFileReference; lastKnownFileType = sourcecode.cpp.cpp; path = Input.cpp; sourceTree = "<group>"; };
		B2752D1224FABDF3005EF655 /* Input.h */ = {isa = PBXFileReference; lastKnownFileType = sourcecode.c.h; path = Input.h; sourceTree = "<group>"; };
		B2752D1524FAC1AF005EF655 /* EntryPoint.h */ = {isa = PBXFileReference; lastKnownFileType = sourcecode.c.h; path = EntryPoint.h; sourceTree = "<group>"; };
		B2752D1724FAC201005EF655 /* Application.cpp */ = {isa = PBXFileReference; lastKnownFileType = sourcecode.cpp.cpp; path = Application.cpp; sourceTree = "<group>"; };
		B2752D1824FAC201005EF655 /* Application.h */ = {isa = PBXFileReference; lastKnownFileType = sourcecode.c.h; path = Application.h; sourceTree = "<group>"; };
		B2752D1B24FACD64005EF655 /* RenderCommand.cpp */ = {isa = PBXFileReference; lastKnownFileType = sourcecode.cpp.cpp; path = RenderCommand.cpp; sourceTree = "<group>"; };
		B2752D1C24FACD64005EF655 /* RenderCommand.h */ = {isa = PBXFileReference; lastKnownFileType = sourcecode.c.h; path = RenderCommand.h; sourceTree = "<group>"; };
		B28083FC25052642003D0684 /* ImGuiAPI.cpp */ = {isa = PBXFileReference; lastKnownFileType = sourcecode.cpp.cpp; path = ImGuiAPI.cpp; sourceTree = "<group>"; };
		B28083FD25052642003D0684 /* ImGuiAPI.h */ = {isa = PBXFileReference; lastKnownFileType = sourcecode.c.h; path = ImGuiAPI.h; sourceTree = "<group>"; };
		B2CDABCF2500E885008C6BDF /* LICENSE */ = {isa = PBXFileReference; fileEncoding = 4; lastKnownFileType = text; path = LICENSE; sourceTree = "<group>"; };
		B2CDABD12500E885008C6BDF /* entt.hpp */ = {isa = PBXFileReference; fileEncoding = 4; lastKnownFileType = sourcecode.cpp.h; path = entt.hpp; sourceTree = "<group>"; };
		B2CDABD62500EF2C008C6BDF /* Components.h */ = {isa = PBXFileReference; fileEncoding = 4; lastKnownFileType = sourcecode.c.h; path = Components.h; sourceTree = "<group>"; };
		B2CDABD72500EF2C008C6BDF /* Scene.cpp */ = {isa = PBXFileReference; fileEncoding = 4; lastKnownFileType = sourcecode.cpp.cpp; path = Scene.cpp; sourceTree = "<group>"; };
		B2CDABD92500EF2C008C6BDF /* Scene.h */ = {isa = PBXFileReference; fileEncoding = 4; lastKnownFileType = sourcecode.c.h; path = Scene.h; sourceTree = "<group>"; };
		B2CDABDA2500EF2C008C6BDF /* Entity.h */ = {isa = PBXFileReference; fileEncoding = 4; lastKnownFileType = sourcecode.c.h; path = Entity.h; sourceTree = "<group>"; };
		B2CDABE12501009D008C6BDF /* Camera.h */ = {isa = PBXFileReference; lastKnownFileType = sourcecode.c.h; path = Camera.h; sourceTree = "<group>"; };
		B2CDABE325010F9A008C6BDF /* SceneCamera.cpp */ = {isa = PBXFileReference; lastKnownFileType = sourcecode.cpp.cpp; path = SceneCamera.cpp; sourceTree = "<group>"; };
		B2CDABE425010F9A008C6BDF /* SceneCamera.h */ = {isa = PBXFileReference; lastKnownFileType = sourcecode.c.h; path = SceneCamera.h; sourceTree = "<group>"; };
		B2CDABE825012438008C6BDF /* ScriptableEntity.h */ = {isa = PBXFileReference; lastKnownFileType = sourcecode.c.h; path = ScriptableEntity.h; sourceTree = "<group>"; };
		B2F0FBFD24F80DF90004443A /* OpenGlGraphicsContext.cpp */ = {isa = PBXFileReference; lastKnownFileType = sourcecode.cpp.cpp; path = OpenGlGraphicsContext.cpp; sourceTree = "<group>"; };
		B2F0FBFE24F80DF90004443A /* OpenGlGraphicsContext.h */ = {isa = PBXFileReference; lastKnownFileType = sourcecode.c.h; path = OpenGlGraphicsContext.h; sourceTree = "<group>"; };
		B2F0FC0224F80E960004443A /* GraphicsContext.cpp */ = {isa = PBXFileReference; lastKnownFileType = sourcecode.cpp.cpp; path = GraphicsContext.cpp; sourceTree = "<group>"; };
		B2F0FC0324F80E960004443A /* GraphicsContext.h */ = {isa = PBXFileReference; lastKnownFileType = sourcecode.c.h; path = GraphicsContext.h; sourceTree = "<group>"; };
		B2F0FC0724F816F70004443A /* RenderAPI.cpp */ = {isa = PBXFileReference; lastKnownFileType = sourcecode.cpp.cpp; path = RenderAPI.cpp; sourceTree = "<group>"; };
		B2F0FC0824F816F70004443A /* RenderAPI.h */ = {isa = PBXFileReference; lastKnownFileType = sourcecode.c.h; path = RenderAPI.h; sourceTree = "<group>"; };
		B2FEC91924FB9AA500388451 /* OpenGlRenderAPI.cpp */ = {isa = PBXFileReference; lastKnownFileType = sourcecode.cpp.cpp; path = OpenGlRenderAPI.cpp; sourceTree = "<group>"; };
		B2FEC91A24FB9AA500388451 /* OpenGlRenderAPI.h */ = {isa = PBXFileReference; lastKnownFileType = sourcecode.c.h; path = OpenGlRenderAPI.h; sourceTree = "<group>"; };
		B2FEC92024FBB3DF00388451 /* Layer.h */ = {isa = PBXFileReference; lastKnownFileType = sourcecode.c.h; path = Layer.h; sourceTree = "<group>"; };
		B2FEC92324FBB5F700388451 /* LayerStack.cpp */ = {isa = PBXFileReference; lastKnownFileType = sourcecode.cpp.cpp; path = LayerStack.cpp; sourceTree = "<group>"; };
		B2FEC92424FBB5F800388451 /* LayerStack.h */ = {isa = PBXFileReference; lastKnownFileType = sourcecode.c.h; path = LayerStack.h; sourceTree = "<group>"; };
		B2FEC92724FC0A1900388451 /* ImguiLayer.cpp */ = {isa = PBXFileReference; lastKnownFileType = sourcecode.cpp.cpp; path = ImguiLayer.cpp; sourceTree = "<group>"; };
		B2FEC92824FC0A1900388451 /* ImguiLayer.h */ = {isa = PBXFileReference; lastKnownFileType = sourcecode.c.h; path = ImguiLayer.h; sourceTree = "<group>"; };
		B2FEC92E24FC207800388451 /* TimeStep.h */ = {isa = PBXFileReference; lastKnownFileType = sourcecode.c.h; path = TimeStep.h; sourceTree = "<group>"; };
/* End PBXFileReference section */

/* Begin PBXFrameworksBuildPhase section */
		B24FF88524ED1A3C00884EDA /* Frameworks */ = {
			isa = PBXFrameworksBuildPhase;
			buildActionMask = 2147483647;
			files = (
				B2137A5824ED7A8700A14055 /* libImgui.a in Frameworks */,
				B213761B24ED35AC00A14055 /* libGlad.a in Frameworks */,
				B21375EF24ED274A00A14055 /* libglfw3.a in Frameworks */,
			);
			runOnlyForDeploymentPostprocessing = 0;
		};
/* End PBXFrameworksBuildPhase section */

/* Begin PBXGroup section */
		B21375ED24ED274A00A14055 /* Frameworks */ = {
			isa = PBXGroup;
			children = (
				B21375EE24ED274A00A14055 /* libglfw3.a */,
			);
			name = Frameworks;
			sourceTree = "<group>";
		};
		B213760724ED286700A14055 /* Products */ = {
			isa = PBXGroup;
			children = (
				B213760B24ED286700A14055 /* libGlad.a */,
			);
			name = Products;
			sourceTree = "<group>";
		};
		B213760C24ED286C00A14055 /* Dependencies */ = {
			isa = PBXGroup;
			children = (
				B2137A4B24ED784D00A14055 /* Imgui.xcodeproj */,
				B213760624ED286700A14055 /* Glad.xcodeproj */,
			);
			name = Dependencies;
			sourceTree = "<group>";
		};
		B213761C24ED4E6000A14055 /* vendor */ = {
			isa = PBXGroup;
			children = (
				B2CDABCE2500E885008C6BDF /* EnTT */,
				B21376CD24ED4E6100A14055 /* stbimage */,
			);
			path = vendor;
			sourceTree = "<group>";
		};
		B21376CD24ED4E6100A14055 /* stbimage */ = {
			isa = PBXGroup;
			children = (
				B21376CE24ED4E6100A14055 /* stb_image.h */,
				B21376CF24ED4E6100A14055 /* stb_image.cpp */,
			);
			path = stbimage;
			sourceTree = "<group>";
		};
		B2137A4C24ED784D00A14055 /* Products */ = {
			isa = PBXGroup;
			children = (
				B2137A5024ED784E00A14055 /* libImgui.a */,
			);
			name = Products;
			sourceTree = "<group>";
		};
		B2137A5124ED78FA00A14055 /* ImGui */ = {
			isa = PBXGroup;
			children = (
				B2137A5424ED78FA00A14055 /* ImGuiBuild.cpp */,
				B2FEC92724FC0A1900388451 /* ImguiLayer.cpp */,
				B2FEC92824FC0A1900388451 /* ImguiLayer.h */,
				B28083FC25052642003D0684 /* ImGuiAPI.cpp */,
				B28083FD25052642003D0684 /* ImGuiAPI.h */,
			);
			path = ImGui;
			sourceTree = "<group>";
		};
		B23D4E7724F829740049238A /* Events */ = {
			isa = PBXGroup;
			children = (
				B23D4E7A24F829880049238A /* Events.h */,
				B23D4E7C24F82F9D0049238A /* ApplicationEvents.h */,
				B2752D0724FA7E5C005EF655 /* KeyEvents.h */,
				B2752D0B24FAB248005EF655 /* MouseEvents.h */,
			);
			path = Events;
			sourceTree = "<group>";
		};
		B24FF87E24ED1A3C00884EDA = {
			isa = PBXGroup;
			children = (
				B24FF88E24ED1A7900884EDA /* src */,
				B213761C24ED4E6000A14055 /* vendor */,
				B213760C24ED286C00A14055 /* Dependencies */,
				B24FF88824ED1A3C00884EDA /* Products */,
				B21375ED24ED274A00A14055 /* Frameworks */,
			);
			sourceTree = "<group>";
		};
		B24FF88824ED1A3C00884EDA /* Products */ = {
			isa = PBXGroup;
			children = (
				B24FF88724ED1A3C00884EDA /* libEngine.a */,
			);
			name = Products;
			sourceTree = "<group>";
		};
		B24FF88E24ED1A7900884EDA /* src */ = {
			isa = PBXGroup;
			children = (
				B213761924ED2AA700A14055 /* iKan.h */,
				B24FF89524ED1AEC00884EDA /* PrefixHeader.pch */,
				B24FF88F24ED1A8000884EDA /* iKan */,
			);
			path = src;
			sourceTree = "<group>";
		};
		B24FF88F24ED1A8000884EDA /* iKan */ = {
			isa = PBXGroup;
			children = (
				B2752D1524FAC1AF005EF655 /* EntryPoint.h */,
				B2F0FC0124F80E870004443A /* Renderer */,
				B24FF89024ED1A9E00884EDA /* Core */,
				B2F0FBF924F80AE60004443A /* Platform */,
				B2CDABD52500ED96008C6BDF /* Scene */,
				B2137A5124ED78FA00A14055 /* ImGui */,
			);
			path = iKan;
			sourceTree = "<group>";
		};
		B24FF89024ED1A9E00884EDA /* Core */ = {
			isa = PBXGroup;
			children = (
				B23D4E7724F829740049238A /* Events */,
				B2752D1724FAC201005EF655 /* Application.cpp */,
				B2752D1824FAC201005EF655 /* Application.h */,
				B24FF89124ED1AAB00884EDA /* Log.cpp */,
				B24FF89224ED1AAB00884EDA /* Log.h */,
				B22A8A522517B81600D2B9C8 /* Ref.h */,
				B213761724ED29DF00A14055 /* Core.h */,
				B2752D0D24FABB8D005EF655 /* KeyCode.h */,
				B2752D0F24FABBA1005EF655 /* MouseCode.h */,
				B2752D1124FABDF3005EF655 /* Input.cpp */,
				B2752D1224FABDF3005EF655 /* Input.h */,
				B21F821B24F6D1D20040B427 /* Window.cpp */,
				B21F821C24F6D1D20040B427 /* Window.h */,
				B2FEC92024FBB3DF00388451 /* Layer.h */,
				B2FEC92324FBB5F700388451 /* LayerStack.cpp */,
				B2FEC92424FBB5F800388451 /* LayerStack.h */,
				B2FEC92E24FC207800388451 /* TimeStep.h */,
			);
			path = Core;
			sourceTree = "<group>";
		};
		B2CDABCE2500E885008C6BDF /* EnTT */ = {
			isa = PBXGroup;
			children = (
				B2CDABCF2500E885008C6BDF /* LICENSE */,
				B2CDABD02500E885008C6BDF /* include */,
			);
			path = EnTT;
			sourceTree = "<group>";
		};
		B2CDABD02500E885008C6BDF /* include */ = {
			isa = PBXGroup;
			children = (
				B2CDABD12500E885008C6BDF /* entt.hpp */,
			);
			path = include;
			sourceTree = "<group>";
		};
		B2CDABD52500ED96008C6BDF /* Scene */ = {
			isa = PBXGroup;
			children = (
				B2CDABD62500EF2C008C6BDF /* Components.h */,
				B2CDABDA2500EF2C008C6BDF /* Entity.h */,
				B2CDABD72500EF2C008C6BDF /* Scene.cpp */,
				B2CDABD92500EF2C008C6BDF /* Scene.h */,
				B2CDABE325010F9A008C6BDF /* SceneCamera.cpp */,
				B2CDABE425010F9A008C6BDF /* SceneCamera.h */,
				B2CDABE825012438008C6BDF /* ScriptableEntity.h */,
			);
			path = Scene;
			sourceTree = "<group>";
		};
		B2F0FBF924F80AE60004443A /* Platform */ = {
			isa = PBXGroup;
			children = (
				B2F0FBFC24F80DDD0004443A /* OpenGL */,
			);
			path = Platform;
			sourceTree = "<group>";
		};
		B2F0FBFC24F80DDD0004443A /* OpenGL */ = {
			isa = PBXGroup;
			children = (
				B2F0FBFD24F80DF90004443A /* OpenGlGraphicsContext.cpp */,
				B2F0FBFE24F80DF90004443A /* OpenGlGraphicsContext.h */,
				B2FEC91924FB9AA500388451 /* OpenGlRenderAPI.cpp */,
				B2FEC91A24FB9AA500388451 /* OpenGlRenderAPI.h */,
				B26D9D12250022F5003291C4 /* OpenGLFrameBuffer.cpp */,
				B26D9D13250022F5003291C4 /* OpenGLFrameBuffer.h */,
				B2473FD524FD1E350099535D /* OpenGlVertexArray.cpp */,
				B2473FD624FD1E350099535D /* OpenGlVertexArray.h */,
				B2473FDD24FD232E0099535D /* OpenGlBuffers.cpp */,
				B2473FDE24FD232E0099535D /* OpenGlBuffers.h */,
				B266521824FEBB000032AF99 /* OpenGlShader.cpp */,
				B266521924FEBB000032AF99 /* OpenGlShader.h */,
				B266522024FECB2F0032AF99 /* OpenGlTexture.cpp */,
				B266522124FECB2F0032AF99 /* OpenGlTexture.h */,
			);
			path = OpenGL;
			sourceTree = "<group>";
		};
		B2F0FC0124F80E870004443A /* Renderer */ = {
			isa = PBXGroup;
			children = (
				B22A8A542517C8A600D2B9C8 /* Renderer.cpp */,
				B22A8A552517C8A600D2B9C8 /* Renderer.h */,
				B26D9D05250009A3003291C4 /* Renderer2D.cpp */,
				B26D9D06250009A3003291C4 /* Renderer2D.h */,
				B2F0FC0724F816F70004443A /* RenderAPI.cpp */,
				B2F0FC0824F816F70004443A /* RenderAPI.h */,
				B2752D1B24FACD64005EF655 /* RenderCommand.cpp */,
				B2752D1C24FACD64005EF655 /* RenderCommand.h */,
				B26D9D0F250022CF003291C4 /* FrameBuffer.cpp */,
				B26D9D0E250022CF003291C4 /* FrameBuffer.h */,
				B2473FCF24FD1DB40099535D /* VertexArray.cpp */,
				B2473FD024FD1DB40099535D /* VertexArray.h */,
				B2473FD924FD22380099535D /* Buffers.cpp */,
				B2473FDA24FD22380099535D /* Buffers.h */,
				B266521224FEBA1A0032AF99 /* Shader.cpp */,
				B266521324FEBA1A0032AF99 /* Shader.h */,
				B266521C24FECADF0032AF99 /* Texture.cpp */,
				B266521D24FECADF0032AF99 /* Texture.h */,
				B2CDABE12501009D008C6BDF /* Camera.h */,
				B2F0FC0224F80E960004443A /* GraphicsContext.cpp */,
				B2F0FC0324F80E960004443A /* GraphicsContext.h */,
			);
			path = Renderer;
			sourceTree = "<group>";
		};
/* End PBXGroup section */

/* Begin PBXHeadersBuildPhase section */
		B24FF88324ED1A3C00884EDA /* Headers */ = {
			isa = PBXHeadersBuildPhase;
			buildActionMask = 2147483647;
			files = (
				B22A8A532517B81600D2B9C8 /* Ref.h in Headers */,
				B2FEC91C24FB9AA500388451 /* OpenGlRenderAPI.h in Headers */,
				B26D9D15250022F5003291C4 /* OpenGLFrameBuffer.h in Headers */,
				B24FF89624ED1AEC00884EDA /* PrefixHeader.pch in Headers */,
				B2752D0E24FABB8D005EF655 /* KeyCode.h in Headers */,
				B266521524FEBA1A0032AF99 /* Shader.h in Headers */,
				B2CDABDF2500EF2C008C6BDF /* Entity.h in Headers */,
				B2CDABEA25012438008C6BDF /* ScriptableEntity.h in Headers */,
				B266521B24FEBB000032AF99 /* OpenGlShader.h in Headers */,
				B2FEC92F24FC207800388451 /* TimeStep.h in Headers */,
				B2FEC92624FBB5F800388451 /* LayerStack.h in Headers */,
				B2FEC92224FBB3DF00388451 /* Layer.h in Headers */,
				B2752D1E24FACD64005EF655 /* RenderCommand.h in Headers */,
				B213761824ED29DF00A14055 /* Core.h in Headers */,
				B21F821E24F6D1D20040B427 /* Window.h in Headers */,
				B2F0FC0A24F816F70004443A /* RenderAPI.h in Headers */,
				B22A8A572517C8A600D2B9C8 /* Renderer.h in Headers */,
				B213795324ED4E6400A14055 /* stb_image.h in Headers */,
				B23D4E7D24F82F9D0049238A /* ApplicationEvents.h in Headers */,
				B24FF89424ED1AAB00884EDA /* Log.h in Headers */,
				B2752D0C24FAB248005EF655 /* MouseEvents.h in Headers */,
				B2473FDC24FD22380099535D /* Buffers.h in Headers */,
				B2F0FC0524F80E960004443A /* GraphicsContext.h in Headers */,
				B2752D1024FABBA1005EF655 /* MouseCode.h in Headers */,
				B2752D1A24FAC201005EF655 /* Application.h in Headers */,
				B23D4E7B24F829880049238A /* Events.h in Headers */,
				B266521F24FECADF0032AF99 /* Texture.h in Headers */,
				B2473FD224FD1DB40099535D /* VertexArray.h in Headers */,
				B2CDABDB2500EF2C008C6BDF /* Components.h in Headers */,
				B213761A24ED2AA700A14055 /* iKan.h in Headers */,
				B26D9D08250009A3003291C4 /* Renderer2D.h in Headers */,
				B2FEC92A24FC0A1900388451 /* ImguiLayer.h in Headers */,
				B2CDABE625010F9A008C6BDF /* SceneCamera.h in Headers */,
				B2F0FC0024F80DF90004443A /* OpenGlGraphicsContext.h in Headers */,
				B2752D1624FAC1AF005EF655 /* EntryPoint.h in Headers */,
				B2CDABE22501009D008C6BDF /* Camera.h in Headers */,
				B2473FD824FD1E350099535D /* OpenGlVertexArray.h in Headers */,
				B2473FE024FD232E0099535D /* OpenGlBuffers.h in Headers */,
				B28083FF25052642003D0684 /* ImGuiAPI.h in Headers */,
				B26D9D10250022CF003291C4 /* FrameBuffer.h in Headers */,
				B2CDABDE2500EF2C008C6BDF /* Scene.h in Headers */,
				B266522324FECB2F0032AF99 /* OpenGlTexture.h in Headers */,
				B2CDABD42500E885008C6BDF /* entt.hpp in Headers */,
				B2752D0824FA7E5C005EF655 /* KeyEvents.h in Headers */,
				B2752D1424FABDF3005EF655 /* Input.h in Headers */,
			);
			runOnlyForDeploymentPostprocessing = 0;
		};
/* End PBXHeadersBuildPhase section */

/* Begin PBXNativeTarget section */
		B24FF88624ED1A3C00884EDA /* Engine */ = {
			isa = PBXNativeTarget;
			buildConfigurationList = B24FF88B24ED1A3C00884EDA /* Build configuration list for PBXNativeTarget "Engine" */;
			buildPhases = (
				B24FF88324ED1A3C00884EDA /* Headers */,
				B24FF88424ED1A3C00884EDA /* Sources */,
				B24FF88524ED1A3C00884EDA /* Frameworks */,
			);
			buildRules = (
			);
			dependencies = (
			);
			name = Engine;
			productName = Engine;
			productReference = B24FF88724ED1A3C00884EDA /* libEngine.a */;
			productType = "com.apple.product-type.library.static";
		};
/* End PBXNativeTarget section */

/* Begin PBXProject section */
		B24FF87F24ED1A3C00884EDA /* Project object */ = {
			isa = PBXProject;
			attributes = {
				DefaultBuildSystemTypeForWorkspace = Original;
				LastUpgradeCheck = 1170;
				ORGANIZATIONNAME = "Ashish .";
				TargetAttributes = {
					B24FF88624ED1A3C00884EDA = {
						CreatedOnToolsVersion = 11.6;
					};
				};
			};
			buildConfigurationList = B24FF88224ED1A3C00884EDA /* Build configuration list for PBXProject "Engine" */;
			compatibilityVersion = "Xcode 9.3";
			developmentRegion = en;
			hasScannedForEncodings = 0;
			knownRegions = (
				en,
				Base,
			);
			mainGroup = B24FF87E24ED1A3C00884EDA;
			productRefGroup = B24FF88824ED1A3C00884EDA /* Products */;
			projectDirPath = "";
			projectReferences = (
				{
					ProductGroup = B213760724ED286700A14055 /* Products */;
					ProjectRef = B213760624ED286700A14055 /* Glad.xcodeproj */;
				},
				{
					ProductGroup = B2137A4C24ED784D00A14055 /* Products */;
					ProjectRef = B2137A4B24ED784D00A14055 /* Imgui.xcodeproj */;
				},
			);
			projectRoot = "";
			targets = (
				B24FF88624ED1A3C00884EDA /* Engine */,
			);
		};
/* End PBXProject section */

/* Begin PBXReferenceProxy section */
		B213760B24ED286700A14055 /* libGlad.a */ = {
			isa = PBXReferenceProxy;
			fileType = archive.ar;
			path = libGlad.a;
			remoteRef = B213760A24ED286700A14055 /* PBXContainerItemProxy */;
			sourceTree = BUILT_PRODUCTS_DIR;
		};
		B2137A5024ED784E00A14055 /* libImgui.a */ = {
			isa = PBXReferenceProxy;
			fileType = archive.ar;
			path = libImgui.a;
			remoteRef = B2137A4F24ED784E00A14055 /* PBXContainerItemProxy */;
			sourceTree = BUILT_PRODUCTS_DIR;
		};
/* End PBXReferenceProxy section */

/* Begin PBXSourcesBuildPhase section */
		B24FF88424ED1A3C00884EDA /* Sources */ = {
			isa = PBXSourcesBuildPhase;
			buildActionMask = 2147483647;
			files = (
				B266522224FECB2F0032AF99 /* OpenGlTexture.cpp in Sources */,
				B24FF89324ED1AAB00884EDA /* Log.cpp in Sources */,
				B26D9D11250022CF003291C4 /* FrameBuffer.cpp in Sources */,
				B2137A5724ED78FA00A14055 /* ImGuiBuild.cpp in Sources */,
				B22A8A562517C8A600D2B9C8 /* Renderer.cpp in Sources */,
				B2FEC92924FC0A1900388451 /* ImguiLayer.cpp in Sources */,
				B2FEC92524FBB5F800388451 /* LayerStack.cpp in Sources */,
				B2752D1924FAC201005EF655 /* Application.cpp in Sources */,
				B26D9D07250009A3003291C4 /* Renderer2D.cpp in Sources */,
				B26D9D14250022F5003291C4 /* OpenGLFrameBuffer.cpp in Sources */,
				B266521E24FECADF0032AF99 /* Texture.cpp in Sources */,
				B2752D1324FABDF3005EF655 /* Input.cpp in Sources */,
				B2FEC91B24FB9AA500388451 /* OpenGlRenderAPI.cpp in Sources */,
				B2F0FC0424F80E960004443A /* GraphicsContext.cpp in Sources */,
				B2473FDF24FD232E0099535D /* OpenGlBuffers.cpp in Sources */,
				B2F0FBFF24F80DF90004443A /* OpenGlGraphicsContext.cpp in Sources */,
				B266521424FEBA1A0032AF99 /* Shader.cpp in Sources */,
				B2473FDB24FD22380099535D /* Buffers.cpp in Sources */,
				B2473FD724FD1E350099535D /* OpenGlVertexArray.cpp in Sources */,
				B2473FD124FD1DB40099535D /* VertexArray.cpp in Sources */,
				B2752D1D24FACD64005EF655 /* RenderCommand.cpp in Sources */,
				B28083FE25052642003D0684 /* ImGuiAPI.cpp in Sources */,
				B266521A24FEBB000032AF99 /* OpenGlShader.cpp in Sources */,
				B2CDABE525010F9A008C6BDF /* SceneCamera.cpp in Sources */,
				B2F0FC0924F816F70004443A /* RenderAPI.cpp in Sources */,
				B213795424ED4E6400A14055 /* stb_image.cpp in Sources */,
				B2CDABDC2500EF2C008C6BDF /* Scene.cpp in Sources */,
				B21F821D24F6D1D20040B427 /* Window.cpp in Sources */,
			);
			runOnlyForDeploymentPostprocessing = 0;
		};
/* End PBXSourcesBuildPhase section */

/* Begin XCBuildConfiguration section */
		B24FF88924ED1A3C00884EDA /* Debug */ = {
			isa = XCBuildConfiguration;
			buildSettings = {
				ALWAYS_SEARCH_USER_PATHS = NO;
				CLANG_ANALYZER_NONNULL = YES;
				CLANG_ANALYZER_NUMBER_OBJECT_CONVERSION = YES_AGGRESSIVE;
				CLANG_CXX_LANGUAGE_STANDARD = "gnu++14";
				CLANG_CXX_LIBRARY = "libc++";
				CLANG_ENABLE_MODULES = YES;
				CLANG_ENABLE_OBJC_ARC = YES;
				CLANG_ENABLE_OBJC_WEAK = YES;
				CLANG_WARN_BLOCK_CAPTURE_AUTORELEASING = YES;
				CLANG_WARN_BOOL_CONVERSION = YES;
				CLANG_WARN_COMMA = YES;
				CLANG_WARN_CONSTANT_CONVERSION = YES;
				CLANG_WARN_DEPRECATED_OBJC_IMPLEMENTATIONS = YES;
				CLANG_WARN_DIRECT_OBJC_ISA_USAGE = YES_ERROR;
				CLANG_WARN_DOCUMENTATION_COMMENTS = YES;
				CLANG_WARN_EMPTY_BODY = YES;
				CLANG_WARN_ENUM_CONVERSION = YES;
				CLANG_WARN_INFINITE_RECURSION = YES;
				CLANG_WARN_INT_CONVERSION = YES;
				CLANG_WARN_NON_LITERAL_NULL_CONVERSION = YES;
				CLANG_WARN_OBJC_IMPLICIT_RETAIN_SELF = YES;
				CLANG_WARN_OBJC_LITERAL_CONVERSION = YES;
				CLANG_WARN_OBJC_ROOT_CLASS = YES_ERROR;
				CLANG_WARN_RANGE_LOOP_ANALYSIS = YES;
				CLANG_WARN_STRICT_PROTOTYPES = YES;
				CLANG_WARN_SUSPICIOUS_MOVE = YES;
				CLANG_WARN_UNGUARDED_AVAILABILITY = YES_AGGRESSIVE;
				CLANG_WARN_UNREACHABLE_CODE = YES;
				CLANG_WARN__DUPLICATE_METHOD_MATCH = YES;
				COPY_PHASE_STRIP = NO;
				DEBUG_INFORMATION_FORMAT = dwarf;
				ENABLE_STRICT_OBJC_MSGSEND = YES;
				ENABLE_TESTABILITY = YES;
				GCC_C_LANGUAGE_STANDARD = gnu11;
				GCC_DYNAMIC_NO_PIC = NO;
				GCC_NO_COMMON_BLOCKS = YES;
				GCC_OPTIMIZATION_LEVEL = 0;
				GCC_PREPROCESSOR_DEFINITIONS = (
					"DEBUG=1",
					"$(inherited)",
				);
				GCC_WARN_64_TO_32_BIT_CONVERSION = YES;
				GCC_WARN_ABOUT_RETURN_TYPE = YES_ERROR;
				GCC_WARN_UNDECLARED_SELECTOR = YES;
				GCC_WARN_UNINITIALIZED_AUTOS = YES_AGGRESSIVE;
				GCC_WARN_UNUSED_FUNCTION = YES;
				GCC_WARN_UNUSED_VARIABLE = YES;
				MACOSX_DEPLOYMENT_TARGET = 10.15;
				MTL_ENABLE_DEBUG_INFO = INCLUDE_SOURCE;
				MTL_FAST_MATH = YES;
				ONLY_ACTIVE_ARCH = YES;
				SDKROOT = macosx;
			};
			name = Debug;
		};
		B24FF88A24ED1A3C00884EDA /* Release */ = {
			isa = XCBuildConfiguration;
			buildSettings = {
				ALWAYS_SEARCH_USER_PATHS = NO;
				CLANG_ANALYZER_NONNULL = YES;
				CLANG_ANALYZER_NUMBER_OBJECT_CONVERSION = YES_AGGRESSIVE;
				CLANG_CXX_LANGUAGE_STANDARD = "gnu++14";
				CLANG_CXX_LIBRARY = "libc++";
				CLANG_ENABLE_MODULES = YES;
				CLANG_ENABLE_OBJC_ARC = YES;
				CLANG_ENABLE_OBJC_WEAK = YES;
				CLANG_WARN_BLOCK_CAPTURE_AUTORELEASING = YES;
				CLANG_WARN_BOOL_CONVERSION = YES;
				CLANG_WARN_COMMA = YES;
				CLANG_WARN_CONSTANT_CONVERSION = YES;
				CLANG_WARN_DEPRECATED_OBJC_IMPLEMENTATIONS = YES;
				CLANG_WARN_DIRECT_OBJC_ISA_USAGE = YES_ERROR;
				CLANG_WARN_DOCUMENTATION_COMMENTS = YES;
				CLANG_WARN_EMPTY_BODY = YES;
				CLANG_WARN_ENUM_CONVERSION = YES;
				CLANG_WARN_INFINITE_RECURSION = YES;
				CLANG_WARN_INT_CONVERSION = YES;
				CLANG_WARN_NON_LITERAL_NULL_CONVERSION = YES;
				CLANG_WARN_OBJC_IMPLICIT_RETAIN_SELF = YES;
				CLANG_WARN_OBJC_LITERAL_CONVERSION = YES;
				CLANG_WARN_OBJC_ROOT_CLASS = YES_ERROR;
				CLANG_WARN_RANGE_LOOP_ANALYSIS = YES;
				CLANG_WARN_STRICT_PROTOTYPES = YES;
				CLANG_WARN_SUSPICIOUS_MOVE = YES;
				CLANG_WARN_UNGUARDED_AVAILABILITY = YES_AGGRESSIVE;
				CLANG_WARN_UNREACHABLE_CODE = YES;
				CLANG_WARN__DUPLICATE_METHOD_MATCH = YES;
				COPY_PHASE_STRIP = NO;
				DEBUG_INFORMATION_FORMAT = "dwarf-with-dsym";
				ENABLE_NS_ASSERTIONS = NO;
				ENABLE_STRICT_OBJC_MSGSEND = YES;
				GCC_C_LANGUAGE_STANDARD = gnu11;
				GCC_NO_COMMON_BLOCKS = YES;
				GCC_WARN_64_TO_32_BIT_CONVERSION = YES;
				GCC_WARN_ABOUT_RETURN_TYPE = YES_ERROR;
				GCC_WARN_UNDECLARED_SELECTOR = YES;
				GCC_WARN_UNINITIALIZED_AUTOS = YES_AGGRESSIVE;
				GCC_WARN_UNUSED_FUNCTION = YES;
				GCC_WARN_UNUSED_VARIABLE = YES;
				MACOSX_DEPLOYMENT_TARGET = 10.15;
				MTL_ENABLE_DEBUG_INFO = NO;
				MTL_FAST_MATH = YES;
				SDKROOT = macosx;
			};
			name = Release;
		};
		B24FF88C24ED1A3C00884EDA /* Debug */ = {
			isa = XCBuildConfiguration;
			buildSettings = {
				CLANG_CXX_LANGUAGE_STANDARD = "c++17";
				CODE_SIGN_STYLE = Automatic;
				EXECUTABLE_PREFIX = lib;
				GCC_PRECOMPILE_PREFIX_HEADER = YES;
				GCC_PREFIX_HEADER = "${PROJECT_DIR}/src/PrefixHeader.pch";
				GCC_PREPROCESSOR_DEFINITIONS = (
					"DEBUG=1",
					"$(inherited)",
					IK_ENABLE_LOG,
					IK_ENABLE_ASSERT,
				);
				HEADER_SEARCH_PATHS = (
					"${PROJECT_DIR}/src",
					"${PROJECT_DIR}/vendor/spdlog/include",
					"${PROJECT_DIR}/vendor/GLFW/include",
					"${PROJECT_DIR}/vendor/Glad/include",
					"${PROJECT_DIR}/vendor/stbimage",
					"${PROJECT_DIR}/vendor/glm",
					"${PROJECT_DIR}/vendor/Imgui/Imgui",
				);
				LIBRARY_SEARCH_PATHS = (
					"$(inherited)",
					"$(PROJECT_DIR)/vendor/GLFW/lib",
				);
				PRODUCT_NAME = "$(TARGET_NAME)";
				SKIP_INSTALL = YES;
			};
			name = Debug;
		};
		B24FF88D24ED1A3C00884EDA /* Release */ = {
			isa = XCBuildConfiguration;
			buildSettings = {
				CLANG_CXX_LANGUAGE_STANDARD = "c++17";
				CODE_SIGN_STYLE = Automatic;
				EXECUTABLE_PREFIX = lib;
				GCC_PRECOMPILE_PREFIX_HEADER = YES;
				GCC_PREFIX_HEADER = "${PROJECT_DIR}/src/PrefixHeader.pch";
				GCC_PREPROCESSOR_DEFINITIONS = (
					IK_ENABLE_LOG,
					IK_ENABLE_ASSERT,
				);
				HEADER_SEARCH_PATHS = (
					"${PROJECT_DIR}/src",
					"${PROJECT_DIR}/vendor/spdlog/include",
					"${PROJECT_DIR}/vendor/GLFW/include",
					"${PROJECT_DIR}/vendor/Glad/include",
					"${PROJECT_DIR}/vendor/stbimage",
					"${PROJECT_DIR}/vendor/glm",
					"${PROJECT_DIR}/vendor/Imgui/Imgui",
				);
				LIBRARY_SEARCH_PATHS = (
					"$(inherited)",
					"$(PROJECT_DIR)/vendor/GLFW/lib",
				);
				PRODUCT_NAME = "$(TARGET_NAME)";
				SKIP_INSTALL = YES;
			};
			name = Release;
		};
/* End XCBuildConfiguration section */

/* Begin XCConfigurationList section */
		B24FF88224ED1A3C00884EDA /* Build configuration list for PBXProject "Engine" */ = {
			isa = XCConfigurationList;
			buildConfigurations = (
				B24FF88924ED1A3C00884EDA /* Debug */,
				B24FF88A24ED1A3C00884EDA /* Release */,
			);
			defaultConfigurationIsVisible = 0;
			defaultConfigurationName = Release;
		};
		B24FF88B24ED1A3C00884EDA /* Build configuration list for PBXNativeTarget "Engine" */ = {
			isa = XCConfigurationList;
			buildConfigurations = (
				B24FF88C24ED1A3C00884EDA /* Debug */,
				B24FF88D24ED1A3C00884EDA /* Release */,
			);
			defaultConfigurationIsVisible = 0;
			defaultConfigurationName = Release;
		};
/* End XCConfigurationList section */
	};
	rootObject = B24FF87F24ED1A3C00884EDA /* Project object */;
}
